
Microsoft Visual Studio Solution File, Format Version 12.00
# Visual Studio Version 16
VisualStudioVersion = 16.0.30204.135
MinimumVisualStudioVersion = 10.0.40219.1
Project("{FAE04EC0-301F-11D3-BF4B-00C04F79EFBC}") = "ConsoleApp1", "ConsoleApp1\ConsoleApp1.csproj", "{D1B72362-EDF0-43C1-BD15-BF968E610955}"
EndProject
Global
	GlobalSection(SolutionConfigurationPlatforms) = preSolution
		Debug|Any CPU = Debug|Any CPU
		Release|Any CPU = Release|Any CPU
	EndGlobalSection
	GlobalSection(ProjectConfigurationPlatforms) = postSolution
		{D1B72362-EDF0-43C1-BD15-BF968E610955}.Debug|Any CPU.ActiveCfg = Debug|Any CPU
		{D1B72362-EDF0-43C1-BD15-BF968E610955}.Debug|Any CPU.Build.0 = Debug|Any CPU
		{D1B72362-EDF0-43C1-BD15-BF968E610955}.Release|Any CPU.ActiveCfg = Release|Any CPU
		{D1B72362-EDF0-43C1-BD15-BF968E610955}.Release|Any CPU.Build.0 = Release|Any CPU
	EndGlobalSection
	GlobalSection(SolutionProperties) = preSolution
		HideSolutionNode = FALSE
	EndGlobalSection
	GlobalSection(ExtensibilityGlobals) = postSolution
		SolutionGuid = {4D0BBA84-3B9E-400C-8460-A47F86676E7A}
	EndGlobalSection
EndGlobal
